// !$*UTF8*$!
{
	archiveVersion = 1;
	classes = {
	};
	objectVersion = 46;
	objects = {

/* Begin PBXBuildFile section */
		BA13E3231ECD2CF7009BA8BF /* main.m in Sources */ = {isa = PBXBuildFile; fileRef = BA13E3221ECD2CF7009BA8BF /* main.m */; };
		BA13E3261ECD2CF7009BA8BF /* AppDelegate.m in Sources */ = {isa = PBXBuildFile; fileRef = BA13E3251ECD2CF7009BA8BF /* AppDelegate.m */; };
		BA13E3291ECD2CF7009BA8BF /* ViewController.m in Sources */ = {isa = PBXBuildFile; fileRef = BA13E3281ECD2CF7009BA8BF /* ViewController.m */; };
		BA13E32C1ECD2CF7009BA8BF /* Main.storyboard in Resources */ = {isa = PBXBuildFile; fileRef = BA13E32A1ECD2CF7009BA8BF /* Main.storyboard */; };
		BA13E32E1ECD2CF7009BA8BF /* Assets.xcassets in Resources */ = {isa = PBXBuildFile; fileRef = BA13E32D1ECD2CF7009BA8BF /* Assets.xcassets */; };
		BA13E3311ECD2CF7009BA8BF /* LaunchScreen.storyboard in Resources */ = {isa = PBXBuildFile; fileRef = BA13E32F1ECD2CF7009BA8BF /* LaunchScreen.storyboard */; };
		BA680CBD1EE01CD7001A8BAF /* testTests.m in Sources */ = {isa = PBXBuildFile; fileRef = BA680CBC1EE01CD7001A8BAF /* testTests.m */; };
		BAE0EFFA1F46D07F00411ACA /* build.plist in Resources */ = {isa = PBXBuildFile; fileRef = BAE0EFF91F46D07F00411ACA /* build.plist */; };
/* End PBXBuildFile section */

/* Begin PBXContainerItemProxy section */
		BA680CBF1EE01CD7001A8BAF /* PBXContainerItemProxy */ = {
			isa = PBXContainerItemProxy;
			containerPortal = BA13E3161ECD2CF7009BA8BF /* Project object */;
			proxyType = 1;
			remoteGlobalIDString = BA13E31D1ECD2CF7009BA8BF;
			remoteInfo = test;
		};
/* End PBXContainerItemProxy section */

/* Begin PBXFileReference section */
		BA13E31E1ECD2CF7009BA8BF /* test.app */ = {isa = PBXFileReference; explicitFileType = wrapper.application; includeInIndex = 0; path = test.app; sourceTree = BUILT_PRODUCTS_DIR; };
		BA13E3221ECD2CF7009BA8BF /* main.m */ = {isa = PBXFileReference; lastKnownFileType = sourcecode.c.objc; path = main.m; sourceTree = "<group>"; };
		BA13E3241ECD2CF7009BA8BF /* AppDelegate.h */ = {isa = PBXFileReference; lastKnownFileType = sourcecode.c.h; path = AppDelegate.h; sourceTree = "<group>"; };
		BA13E3251ECD2CF7009BA8BF /* AppDelegate.m */ = {isa = PBXFileReference; lastKnownFileType = sourcecode.c.objc; path = AppDelegate.m; sourceTree = "<group>"; };
		BA13E3271ECD2CF7009BA8BF /* ViewController.h */ = {isa = PBXFileReference; lastKnownFileType = sourcecode.c.h; path = ViewController.h; sourceTree = "<group>"; };
		BA13E3281ECD2CF7009BA8BF /* ViewController.m */ = {isa = PBXFileReference; lastKnownFileType = sourcecode.c.objc; path = ViewController.m; sourceTree = "<group>"; };
		BA13E32B1ECD2CF7009BA8BF /* Base */ = {isa = PBXFileReference; lastKnownFileType = file.storyboard; name = Base; path = Base.lproj/Main.storyboard; sourceTree = "<group>"; };
		BA13E32D1ECD2CF7009BA8BF /* Assets.xcassets */ = {isa = PBXFileReference; lastKnownFileType = folder.assetcatalog; path = Assets.xcassets; sourceTree = "<group>"; };
		BA13E3301ECD2CF7009BA8BF /* Base */ = {isa = PBXFileReference; lastKnownFileType = file.storyboard; name = Base; path = Base.lproj/LaunchScreen.storyboard; sourceTree = "<group>"; };
		BA13E3321ECD2CF7009BA8BF /* Info.plist */ = {isa = PBXFileReference; lastKnownFileType = text.plist.xml; path = Info.plist; sourceTree = "<group>"; };
		BA680CBA1EE01CD7001A8BAF /* testTests.xctest */ = {isa = PBXFileReference; explicitFileType = wrapper.cfbundle; includeInIndex = 0; path = testTests.xctest; sourceTree = BUILT_PRODUCTS_DIR; };
		BA680CBC1EE01CD7001A8BAF /* testTests.m */ = {isa = PBXFileReference; lastKnownFileType = sourcecode.c.objc; path = testTests.m; sourceTree = "<group>"; };
		BA680CBE1EE01CD7001A8BAF /* Info.plist */ = {isa = PBXFileReference; lastKnownFileType = text.plist.xml; path = Info.plist; sourceTree = "<group>"; };
		BAE0EFF91F46D07F00411ACA /* build.plist */ = {isa = PBXFileReference; fileEncoding = 4; lastKnownFileType = text.plist.xml; path = build.plist; sourceTree = "<group>"; };
/* End PBXFileReference section */

/* Begin PBXFrameworksBuildPhase section */
		BA13E31B1ECD2CF7009BA8BF /* Frameworks */ = {
			isa = PBXFrameworksBuildPhase;
			buildActionMask = 2147483647;
			files = (
			);
			runOnlyForDeploymentPostprocessing = 0;
		};
		BA680CB71EE01CD7001A8BAF /* Frameworks */ = {
			isa = PBXFrameworksBuildPhase;
			buildActionMask = 2147483647;
			files = (
			);
			runOnlyForDeploymentPostprocessing = 0;
		};
/* End PBXFrameworksBuildPhase section */

/* Begin PBXGroup section */
		BA13E3151ECD2CF7009BA8BF = {
			isa = PBXGroup;
			children = (
				BA13E3201ECD2CF7009BA8BF /* test */,
				BA680CBB1EE01CD7001A8BAF /* testTests */,
				BA13E31F1ECD2CF7009BA8BF /* Products */,
			);
			sourceTree = "<group>";
		};
		BA13E31F1ECD2CF7009BA8BF /* Products */ = {
			isa = PBXGroup;
			children = (
				BA13E31E1ECD2CF7009BA8BF /* test.app */,
				BA680CBA1EE01CD7001A8BAF /* testTests.xctest */,
			);
			name = Products;
			sourceTree = "<group>";
		};
		BA13E3201ECD2CF7009BA8BF /* test */ = {
			isa = PBXGroup;
			children = (
				BA13E3241ECD2CF7009BA8BF /* AppDelegate.h */,
				BA13E3251ECD2CF7009BA8BF /* AppDelegate.m */,
				BA13E3271ECD2CF7009BA8BF /* ViewController.h */,
				BA13E3281ECD2CF7009BA8BF /* ViewController.m */,
				BA13E32A1ECD2CF7009BA8BF /* Main.storyboard */,
				BA13E32D1ECD2CF7009BA8BF /* Assets.xcassets */,
				BA13E32F1ECD2CF7009BA8BF /* LaunchScreen.storyboard */,
				BA13E3321ECD2CF7009BA8BF /* Info.plist */,
				BA13E3211ECD2CF7009BA8BF /* Supporting Files */,
				BAE0EFF91F46D07F00411ACA /* build.plist */,
			);
			path = test;
			sourceTree = "<group>";
		};
		BA13E3211ECD2CF7009BA8BF /* Supporting Files */ = {
			isa = PBXGroup;
			children = (
				BA13E3221ECD2CF7009BA8BF /* main.m */,
			);
			name = "Supporting Files";
			sourceTree = "<group>";
		};
		BA680CBB1EE01CD7001A8BAF /* testTests */ = {
			isa = PBXGroup;
			children = (
				BA680CBC1EE01CD7001A8BAF /* testTests.m */,
				BA680CBE1EE01CD7001A8BAF /* Info.plist */,
			);
			path = testTests;
			sourceTree = "<group>";
		};
/* End PBXGroup section */

/* Begin PBXNativeTarget section */
		BA13E31D1ECD2CF7009BA8BF /* test */ = {
			isa = PBXNativeTarget;
			buildConfigurationList = BA13E3351ECD2CF7009BA8BF /* Build configuration list for PBXNativeTarget "test" */;
			buildPhases = (
				BA13E31A1ECD2CF7009BA8BF /* Sources */,
				BA13E31B1ECD2CF7009BA8BF /* Frameworks */,
				BA13E31C1ECD2CF7009BA8BF /* Resources */,
			);
			buildRules = (
			);
			dependencies = (
			);
			name = test;
			productName = test;
			productReference = BA13E31E1ECD2CF7009BA8BF /* test.app */;
			productType = "com.apple.product-type.application";
		};
		BA680CB91EE01CD7001A8BAF /* testTests */ = {
			isa = PBXNativeTarget;
			buildConfigurationList = BA680CC31EE01CD7001A8BAF /* Build configuration list for PBXNativeTarget "testTests" */;
			buildPhases = (
				BA680CB61EE01CD7001A8BAF /* Sources */,
				BA680CB71EE01CD7001A8BAF /* Frameworks */,
				BA680CB81EE01CD7001A8BAF /* Resources */,
			);
			buildRules = (
			);
			dependencies = (
				BA680CC01EE01CD7001A8BAF /* PBXTargetDependency */,
			);
			name = testTests;
			productName = testTests;
			productReference = BA680CBA1EE01CD7001A8BAF /* testTests.xctest */;
			productType = "com.apple.product-type.bundle.unit-test";
		};
/* End PBXNativeTarget section */

/* Begin PBXProject section */
		BA13E3161ECD2CF7009BA8BF /* Project object */ = {
			isa = PBXProject;
			attributes = {
				LastUpgradeCheck = 0830;
				ORGANIZATIONNAME = "秦浩";
				TargetAttributes = {
					BA13E31D1ECD2CF7009BA8BF = {
						CreatedOnToolsVersion = 8.3.2;
						DevelopmentTeam = 7MW3LVJBYX;
						ProvisioningStyle = Manual;
					};
					BA680CB91EE01CD7001A8BAF = {
						CreatedOnToolsVersion = 8.3.2;
						DevelopmentTeam = 7MW3LVJBYX;
						ProvisioningStyle = Manual;
						TestTargetID = BA13E31D1ECD2CF7009BA8BF;
					};
				};
			};
			buildConfigurationList = BA13E3191ECD2CF7009BA8BF /* Build configuration list for PBXProject "test" */;
			compatibilityVersion = "Xcode 3.2";
			developmentRegion = English;
			hasScannedForEncodings = 0;
			knownRegions = (
				en,
				Base,
			);
			mainGroup = BA13E3151ECD2CF7009BA8BF;
			productRefGroup = BA13E31F1ECD2CF7009BA8BF /* Products */;
			projectDirPath = "";
			projectRoot = "";
			targets = (
				BA13E31D1ECD2CF7009BA8BF /* test */,
				BA680CB91EE01CD7001A8BAF /* testTests */,
			);
		};
/* End PBXProject section */

/* Begin PBXResourcesBuildPhase section */
		BA13E31C1ECD2CF7009BA8BF /* Resources */ = {
			isa = PBXResourcesBuildPhase;
			buildActionMask = 2147483647;
			files = (
				BA13E3311ECD2CF7009BA8BF /* LaunchScreen.storyboard in Resources */,
				BAE0EFFA1F46D07F00411ACA /* build.plist in Resources */,
				BA13E32E1ECD2CF7009BA8BF /* Assets.xcassets in Resources */,
				BA13E32C1ECD2CF7009BA8BF /* Main.storyboard in Resources */,
			);
			runOnlyForDeploymentPostprocessing = 0;
		};
		BA680CB81EE01CD7001A8BAF /* Resources */ = {
			isa = PBXResourcesBuildPhase;
			buildActionMask = 2147483647;
			files = (
			);
			runOnlyForDeploymentPostprocessing = 0;
		};
/* End PBXResourcesBuildPhase section */

/* Begin PBXSourcesBuildPhase section */
		BA13E31A1ECD2CF7009BA8BF /* Sources */ = {
			isa = PBXSourcesBuildPhase;
			buildActionMask = 2147483647;
			files = (
				BA13E3291ECD2CF7009BA8BF /* ViewController.m in Sources */,
				BA13E3261ECD2CF7009BA8BF /* AppDelegate.m in Sources */,
				BA13E3231ECD2CF7009BA8BF /* main.m in Sources */,
			);
			runOnlyForDeploymentPostprocessing = 0;
		};
		BA680CB61EE01CD7001A8BAF /* Sources */ = {
			isa = PBXSourcesBuildPhase;
			buildActionMask = 2147483647;
			files = (
				BA680CBD1EE01CD7001A8BAF /* testTests.m in Sources */,
			);
			runOnlyForDeploymentPostprocessing = 0;
		};
/* End PBXSourcesBuildPhase section */

/* Begin PBXTargetDependency section */
		BA680CC01EE01CD7001A8BAF /* PBXTargetDependency */ = {
			isa = PBXTargetDependency;
			target = BA13E31D1ECD2CF7009BA8BF /* test */;
			targetProxy = BA680CBF1EE01CD7001A8BAF /* PBXContainerItemProxy */;
		};
/* End PBXTargetDependency section */

/* Begin PBXVariantGroup section */
		BA13E32A1ECD2CF7009BA8BF /* Main.storyboard */ = {
			isa = PBXVariantGroup;
			children = (
				BA13E32B1ECD2CF7009BA8BF /* Base */,
			);
			name = Main.storyboard;
			sourceTree = "<group>";
		};
		BA13E32F1ECD2CF7009BA8BF /* LaunchScreen.storyboard */ = {
			isa = PBXVariantGroup;
			children = (
				BA13E3301ECD2CF7009BA8BF /* Base */,
			);
			name = LaunchScreen.storyboard;
			sourceTree = "<group>";
		};
/* End PBXVariantGroup section */

/* Begin XCBuildConfiguration section */
		BA13E3331ECD2CF7009BA8BF /* Debug */ = {
			isa = XCBuildConfiguration;
			buildSettings = {
				ALWAYS_SEARCH_USER_PATHS = NO;
				CLANG_ANALYZER_NONNULL = YES;
				CLANG_ANALYZER_NUMBER_OBJECT_CONVERSION = YES_AGGRESSIVE;
				CLANG_CXX_LANGUAGE_STANDARD = "gnu++0x";
				CLANG_CXX_LIBRARY = "libc++";
				CLANG_ENABLE_MODULES = YES;
				CLANG_ENABLE_OBJC_ARC = YES;
				CLANG_WARN_BOOL_CONVERSION = YES;
				CLANG_WARN_CONSTANT_CONVERSION = YES;
				CLANG_WARN_DIRECT_OBJC_ISA_USAGE = YES_ERROR;
				CLANG_WARN_DOCUMENTATION_COMMENTS = YES;
				CLANG_WARN_EMPTY_BODY = YES;
				CLANG_WARN_ENUM_CONVERSION = YES;
				CLANG_WARN_INFINITE_RECURSION = YES;
				CLANG_WARN_INT_CONVERSION = YES;
				CLANG_WARN_OBJC_ROOT_CLASS = YES_ERROR;
				CLANG_WARN_SUSPICIOUS_MOVE = YES;
				CLANG_WARN_UNREACHABLE_CODE = YES;
				CLANG_WARN__DUPLICATE_METHOD_MATCH = YES;
				"CODE_SIGN_IDENTITY[sdk=iphoneos*]" = "iPhone Developer";
				COPY_PHASE_STRIP = NO;
				DEBUG_INFORMATION_FORMAT = dwarf;
				ENABLE_STRICT_OBJC_MSGSEND = YES;
				ENABLE_TESTABILITY = YES;
				GCC_C_LANGUAGE_STANDARD = gnu99;
				GCC_DYNAMIC_NO_PIC = NO;
				GCC_NO_COMMON_BLOCKS = YES;
				GCC_OPTIMIZATION_LEVEL = 0;
				GCC_PREPROCESSOR_DEFINITIONS = (
					"DEBUG=1",
					"$(inherited)",
				);
				GCC_WARN_64_TO_32_BIT_CONVERSION = YES;
				GCC_WARN_ABOUT_RETURN_TYPE = YES_ERROR;
				GCC_WARN_UNDECLARED_SELECTOR = YES;
				GCC_WARN_UNINITIALIZED_AUTOS = YES_AGGRESSIVE;
				GCC_WARN_UNUSED_FUNCTION = YES;
				GCC_WARN_UNUSED_VARIABLE = YES;
				IPHONEOS_DEPLOYMENT_TARGET = 8.3;
				MTL_ENABLE_DEBUG_INFO = YES;
				ONLY_ACTIVE_ARCH = YES;
				SDKROOT = iphoneos;
			};
			name = Debug;
		};
		BA13E3341ECD2CF7009BA8BF /* Release */ = {
			isa = XCBuildConfiguration;
			buildSettings = {
				ALWAYS_SEARCH_USER_PATHS = NO;
				CLANG_ANALYZER_NONNULL = YES;
				CLANG_ANALYZER_NUMBER_OBJECT_CONVERSION = YES_AGGRESSIVE;
				CLANG_CXX_LANGUAGE_STANDARD = "gnu++0x";
				CLANG_CXX_LIBRARY = "libc++";
				CLANG_ENABLE_MODULES = YES;
				CLANG_ENABLE_OBJC_ARC = YES;
				CLANG_WARN_BOOL_CONVERSION = YES;
				CLANG_WARN_CONSTANT_CONVERSION = YES;
				CLANG_WARN_DIRECT_OBJC_ISA_USAGE = YES_ERROR;
				CLANG_WARN_DOCUMENTATION_COMMENTS = YES;
				CLANG_WARN_EMPTY_BODY = YES;
				CLANG_WARN_ENUM_CONVERSION = YES;
				CLANG_WARN_INFINITE_RECURSION = YES;
				CLANG_WARN_INT_CONVERSION = YES;
				CLANG_WARN_OBJC_ROOT_CLASS = YES_ERROR;
				CLANG_WARN_SUSPICIOUS_MOVE = YES;
				CLANG_WARN_UNREACHABLE_CODE = YES;
				CLANG_WARN__DUPLICATE_METHOD_MATCH = YES;
				"CODE_SIGN_IDENTITY[sdk=iphoneos*]" = "iPhone Developer";
				COPY_PHASE_STRIP = NO;
				DEBUG_INFORMATION_FORMAT = "dwarf-with-dsym";
				ENABLE_NS_ASSERTIONS = NO;
				ENABLE_STRICT_OBJC_MSGSEND = YES;
				GCC_C_LANGUAGE_STANDARD = gnu99;
				GCC_NO_COMMON_BLOCKS = YES;
				GCC_WARN_64_TO_32_BIT_CONVERSION = YES;
				GCC_WARN_ABOUT_RETURN_TYPE = YES_ERROR;
				GCC_WARN_UNDECLARED_SELECTOR = YES;
				GCC_WARN_UNINITIALIZED_AUTOS = YES_AGGRESSIVE;
				GCC_WARN_UNUSED_FUNCTION = YES;
				GCC_WARN_UNUSED_VARIABLE = YES;
				IPHONEOS_DEPLOYMENT_TARGET = 8.3;
				MTL_ENABLE_DEBUG_INFO = NO;
				SDKROOT = iphoneos;
				VALIDATE_PRODUCT = YES;
			};
			name = Release;
		};
		BA13E3361ECD2CF7009BA8BF /* Debug */ = {
			isa = XCBuildConfiguration;
			buildSettings = {
				ASSETCATALOG_COMPILER_APPICON_NAME = AppIcon;
				"CODE_SIGN_IDENTITY[sdk=iphoneos*]" = "iPhone Developer";
				DEVELOPMENT_TEAM = 7MW3LVJBYX;
				INFOPLIST_FILE = test/Info.plist;
				IPHONEOS_DEPLOYMENT_TARGET = 8.3;
				LD_RUNPATH_SEARCH_PATHS = "$(inherited) @executable_path/Frameworks";
				PRODUCT_BUNDLE_IDENTIFIER = com.qinhao.test;
				PRODUCT_NAME = "$(TARGET_NAME)";
				PROVISIONING_PROFILE = "c116d75e-51dc-4398-a46f-3eba8c984b64";
				PROVISIONING_PROFILE_SPECIFIER = "iOS Team Provisioning Profile: com.qinhao.test";
				TARGETED_DEVICE_FAMILY = 1;
			};
			name = Debug;
		};
		BA13E3371ECD2CF7009BA8BF /* Release */ = {
			isa = XCBuildConfiguration;
			buildSettings = {
				ASSETCATALOG_COMPILER_APPICON_NAME = AppIcon;
				"CODE_SIGN_IDENTITY[sdk=iphoneos*]" = "iPhone Developer";
				DEVELOPMENT_TEAM = 7MW3LVJBYX;
				INFOPLIST_FILE = test/Info.plist;
				IPHONEOS_DEPLOYMENT_TARGET = 8.3;
				LD_RUNPATH_SEARCH_PATHS = "$(inherited) @executable_path/Frameworks";
				PRODUCT_BUNDLE_IDENTIFIER = com.qinhao.test;
				PRODUCT_NAME = "$(TARGET_NAME)";
				PROVISIONING_PROFILE = "c116d75e-51dc-4398-a46f-3eba8c984b64";
				PROVISIONING_PROFILE_SPECIFIER = "iOS Team Provisioning Profile: com.qinhao.test";
				TARGETED_DEVICE_FAMILY = 1;
			};
			name = Release;
		};
		BA680CC11EE01CD7001A8BAF /* Debug */ = {
			isa = XCBuildConfiguration;
			buildSettings = {
				BUNDLE_LOADER = "$(TEST_HOST)";
				DEVELOPMENT_TEAM = 7MW3LVJBYX;
				INFOPLIST_FILE = testTests/Info.plist;
				LD_RUNPATH_SEARCH_PATHS = "$(inherited) @executable_path/Frameworks @loader_path/Frameworks";
				PRODUCT_BUNDLE_IDENTIFIER = com.qinhao.testTests;
				PRODUCT_NAME = "$(TARGET_NAME)";
				PROVISIONING_PROFILE_SPECIFIER = "";
				TEST_HOST = "$(BUILT_PRODUCTS_DIR)/test.app/test";
			};
			name = Debug;
		};
		BA680CC21EE01CD7001A8BAF /* Release */ = {
			isa = XCBuildConfiguration;
			buildSettings = {
				BUNDLE_LOADER = "$(TEST_HOST)";
				DEVELOPMENT_TEAM = 7MW3LVJBYX;
				INFOPLIST_FILE = testTests/Info.plist;
				LD_RUNPATH_SEARCH_PATHS = "$(inherited) @executable_path/Frameworks @loader_path/Frameworks";
				PRODUCT_BUNDLE_IDENTIFIER = com.qinhao.testTests;
				PRODUCT_NAME = "$(TARGET_NAME)";
				PROVISIONING_PROFILE_SPECIFIER = "";
				TEST_HOST = "$(BUILT_PRODUCTS_DIR)/test.app/test";
			};
			name = Release;
		};
/* End XCBuildConfiguration section */

/* Begin XCConfigurationList section */
		BA13E3191ECD2CF7009BA8BF /* Build configuration list for PBXProject "test" */ = {
			isa = XCConfigurationList;
			buildConfigurations = (
				BA13E3331ECD2CF7009BA8BF /* Debug */,
				BA13E3341ECD2CF7009BA8BF /* Release */,
			);
			defaultConfigurationIsVisible = 0;
			defaultConfigurationName = Release;
		};
		BA13E3351ECD2CF7009BA8BF /* Build configuration list for PBXNativeTarget "test" */ = {
			isa = XCConfigurationList;
			buildConfigurations = (
				BA13E3361ECD2CF7009BA8BF /* Debug */,
				BA13E3371ECD2CF7009BA8BF /* Release */,
			);
			defaultConfigurationIsVisible = 0;
			defaultConfigurationName = Release;
		};
		BA680CC31EE01CD7001A8BAF /* Build configuration list for PBXNativeTarget "testTests" */ = {
			isa = XCConfigurationList;
			buildConfigurations = (
				BA680CC11EE01CD7001A8BAF /* Debug */,
				BA680CC21EE01CD7001A8BAF /* Release */,
			);
			defaultConfigurationIsVisible = 0;
			defaultConfigurationName = Release;
		};
/* End XCConfigurationList section */
	};
	rootObject = BA13E3161ECD2CF7009BA8BF /* Project object */;
}
